
Microsoft Visual Studio Solution File, Format Version 12.00
# Visual Studio Version 17
VisualStudioVersion = 17.5.002.0
MinimumVisualStudioVersion = 10.0.40219.1
Project("{FAE04EC0-301F-11D3-BF4B-00C04F79EFBC}") = "MapWizard.BeatmapParser", "MapWizard.BeatmapParser\MapWizard.BeatmapParser.csproj", "{FC4A7AD1-96C8-4397-A0B6-064AF138FF67}"
EndProject
Project("{FAE04EC0-301F-11D3-BF4B-00C04F79EFBC}") = "MapWizard.Tests", "MapWizard.Tests\MapWizard.Tests.csproj", "{A4A68E7B-7D30-42C9-8EFE-54FEE97FE20D}"
EndProject
Project("{FAE04EC0-301F-11D3-BF4B-00C04F79EFBC}") = "MapWizard.Tools", "MapWizard.Tools\MapWizard.Tools.csproj", "{BC15369D-3C28-484E-971D-580322269882}"
EndProject
Project("{FAE04EC0-301F-11D3-BF4B-00C04F79EFBC}") = "MapWizard.CLI", "MapWizard.CLI\MapWizard.CLI.csproj", "{35EB08DA-3ADB-45F2-93F1-8390CA4952B0}"
EndProject
Project("{FAE04EC0-301F-11D3-BF4B-00C04F79EFBC}") = "MapWizard.Desktop", "MapWizard.Desktop\MapWizard.Desktop.csproj", "{BBCD4A84-1014-4F6C-B213-136106844DBF}"
EndProject
Global
	GlobalSection(SolutionConfigurationPlatforms) = preSolution
		Debug|Any CPU = Debug|Any CPU
		Release|Any CPU = Release|Any CPU
	EndGlobalSection
	GlobalSection(ProjectConfigurationPlatforms) = postSolution
		{3294B739-BB12-46FF-9BA7-2BCADA5CF61A}.Debug|Any CPU.ActiveCfg = Debug|Any CPU
		{3294B739-BB12-46FF-9BA7-2BCADA5CF61A}.Debug|Any CPU.Build.0 = Debug|Any CPU
		{3294B739-BB12-46FF-9BA7-2BCADA5CF61A}.Release|Any CPU.ActiveCfg = Release|Any CPU
		{3294B739-BB12-46FF-9BA7-2BCADA5CF61A}.Release|Any CPU.Build.0 = Release|Any CPU
		{FC4A7AD1-96C8-4397-A0B6-064AF138FF67}.Debug|Any CPU.ActiveCfg = Debug|Any CPU
		{FC4A7AD1-96C8-4397-A0B6-064AF138FF67}.Debug|Any CPU.Build.0 = Debug|Any CPU
		{FC4A7AD1-96C8-4397-A0B6-064AF138FF67}.Release|Any CPU.ActiveCfg = Release|Any CPU
		{FC4A7AD1-96C8-4397-A0B6-064AF138FF67}.Release|Any CPU.Build.0 = Release|Any CPU
		{A4A68E7B-7D30-42C9-8EFE-54FEE97FE20D}.Debug|Any CPU.ActiveCfg = Debug|Any CPU
		{A4A68E7B-7D30-42C9-8EFE-54FEE97FE20D}.Debug|Any CPU.Build.0 = Debug|Any CPU
		{A4A68E7B-7D30-42C9-8EFE-54FEE97FE20D}.Release|Any CPU.ActiveCfg = Release|Any CPU
		{A4A68E7B-7D30-42C9-8EFE-54FEE97FE20D}.Release|Any CPU.Build.0 = Release|Any CPU
		{BC15369D-3C28-484E-971D-580322269882}.Debug|Any CPU.ActiveCfg = Debug|Any CPU
		{BC15369D-3C28-484E-971D-580322269882}.Debug|Any CPU.Build.0 = Debug|Any CPU
		{BC15369D-3C28-484E-971D-580322269882}.Release|Any CPU.ActiveCfg = Release|Any CPU
		{BC15369D-3C28-484E-971D-580322269882}.Release|Any CPU.Build.0 = Release|Any CPU
		{35EB08DA-3ADB-45F2-93F1-8390CA4952B0}.Debug|Any CPU.ActiveCfg = Debug|Any CPU
		{35EB08DA-3ADB-45F2-93F1-8390CA4952B0}.Debug|Any CPU.Build.0 = Debug|Any CPU
		{35EB08DA-3ADB-45F2-93F1-8390CA4952B0}.Release|Any CPU.ActiveCfg = Release|Any CPU
		{35EB08DA-3ADB-45F2-93F1-8390CA4952B0}.Release|Any CPU.Build.0 = Release|Any CPU
		{BBCD4A84-1014-4F6C-B213-136106844DBF}.Debug|Any CPU.ActiveCfg = Debug|Any CPU
		{BBCD4A84-1014-4F6C-B213-136106844DBF}.Debug|Any CPU.Build.0 = Debug|Any CPU
		{BBCD4A84-1014-4F6C-B213-136106844DBF}.Release|Any CPU.ActiveCfg = Release|Any CPU
		{BBCD4A84-1014-4F6C-B213-136106844DBF}.Release|Any CPU.Build.0 = Release|Any CPU
	EndGlobalSection
	GlobalSection(SolutionProperties) = preSolution
		HideSolutionNode = FALSE
	EndGlobalSection
	GlobalSection(ExtensibilityGlobals) = postSolution
		SolutionGuid = {0003B994-4963-4283-9EA8-8AEB90C7650E}
	EndGlobalSection
EndGlobal
