
Microsoft Visual Studio Solution File, Format Version 12.00
# Visual Studio Version 17
VisualStudioVersion = 17.5.002.0
MinimumVisualStudioVersion = 10.0.40219.1
Project("{9A19103F-16F7-4668-BE54-9A1E7A4F7556}") = "MapWizard", "MapWizard.csproj", "{3294B739-BB12-46FF-9BA7-2BCADA5CF61A}"
EndProject
Global
	GlobalSection(SolutionConfigurationPlatforms) = preSolution
		Debug|Any CPU = Debug|Any CPU
		Release|Any CPU = Release|Any CPU
	EndGlobalSection
	GlobalSection(ProjectConfigurationPlatforms) = postSolution
		{3294B739-BB12-46FF-9BA7-2BCADA5CF61A}.Debug|Any CPU.ActiveCfg = Debug|Any CPU
		{3294B739-BB12-46FF-9BA7-2BCADA5CF61A}.Debug|Any CPU.Build.0 = Debug|Any CPU
		{3294B739-BB12-46FF-9BA7-2BCADA5CF61A}.Release|Any CPU.ActiveCfg = Release|Any CPU
		{3294B739-BB12-46FF-9BA7-2BCADA5CF61A}.Release|Any CPU.Build.0 = Release|Any CPU
	EndGlobalSection
	GlobalSection(SolutionProperties) = preSolution
		HideSolutionNode = FALSE
	EndGlobalSection
	GlobalSection(ExtensibilityGlobals) = postSolution
		SolutionGuid = {0003B994-4963-4283-9EA8-8AEB90C7650E}
	EndGlobalSection
EndGlobal
